# THIS IS AN AUTOGENERATED FILE. DO NOT EDIT THIS FILE DIRECTLY.
# yarn lockfile v1


"@citation-js/cli@0.5.0-alpha.5":
  version "0.5.0-alpha.5"
  resolved "https://registry.yarnpkg.com/@citation-js/cli/-/cli-0.5.0-alpha.5.tgz#15b11022d783c28a7a360d9dcfcdc706a968e27b"
  integrity sha512-ktZBiKTTG/6o66GMTlnfALErQDblstOF1N3xP3iqdGJkBexduMn197ty/PwuFk4FJLQYsWl/6IovLbRbMUPtBA==
  dependencies:
    "@citation-js/core" "^0.5.0-alpha.5"
    "@citation-js/plugin-bibjson" "^0.5.0-alpha.5"
    "@citation-js/plugin-bibtex" "^0.5.0-alpha.5"
    "@citation-js/plugin-csl" "^0.5.0-alpha.5"
    "@citation-js/plugin-doi" "^0.5.0-alpha.5"
    "@citation-js/plugin-ris" "^0.5.0-alpha.5"
    "@citation-js/plugin-wikidata" "^0.5.0-alpha.5"
    commander "^2.20.0"

"@citation-js/core@0.5.0-alpha.5", "@citation-js/core@^0.5.0-alpha.5":
  version "0.5.0-alpha.5"
  resolved "https://registry.yarnpkg.com/@citation-js/core/-/core-0.5.0-alpha.5.tgz#9203bdc4778cd2b690736e0f06b71a8186ef7ae0"
  integrity sha512-2yG1G02sz9lnsJ25mx8aAn5FPFQR2l46kYMzibQajJaV6+P0swqf6xzUBPxQ4i06+FW9wS7jsekOYbvcAthAdA==
  dependencies:
    "@citation-js/date" "^0.4.4"
    "@citation-js/name" "^0.4.2"
    isomorphic-fetch "^2.2.1"
    sync-fetch "^0.1.0"

"@citation-js/date@0.4.4", "@citation-js/date@^0.4.4":
  version "0.4.4"
  resolved "https://registry.yarnpkg.com/@citation-js/date/-/date-0.4.4.tgz#2e90b3c04b8b4861b331274916c3cc3e57860628"
  integrity sha512-wD195pZPwCCN8idhxz4HYZbf5mMnPZMRhOipcU8v1orZWqZp6YDRjOplNKo6yX7tf6fB4ZO8QLuNaNjuic5AWQ==

"@citation-js/name@0.4.2", "@citation-js/name@^0.4.2":
  version "0.4.2"
  resolved "https://registry.yarnpkg.com/@citation-js/name/-/name-0.4.2.tgz#8dc834b7e6c06998fc8d3b63632658754c94a875"
  integrity sha512-brSPsjs2fOVzSnARLKu0qncn6suWjHVQtrqSUrnqyaRH95r/Ad4wPF5EsoWr+Dx8HzkCGb/ogmoAzfCsqlTwTQ==

"@citation-js/plugin-bibjson@0.5.0-alpha.5", "@citation-js/plugin-bibjson@^0.5.0-alpha.5":
  version "0.5.0-alpha.5"
  resolved "https://registry.yarnpkg.com/@citation-js/plugin-bibjson/-/plugin-bibjson-0.5.0-alpha.5.tgz#d5a03e98a422e5ac51a116feb9b209eaf15f971e"
  integrity sha512-yPZ5YukiCj38xzhkcJzou8MLsSiRRlqflHyVme/zOxZlqh9twO8XcZRJlzyppMzbyZThxxnMzbFix8uxpRb/Gg==
  dependencies:
    "@citation-js/date" "^0.4.4"
    "@citation-js/name" "^0.4.2"

"@citation-js/plugin-bibtex@0.5.0-alpha.5", "@citation-js/plugin-bibtex@^0.5.0-alpha.5":
  version "0.5.0-alpha.5"
  resolved "https://registry.yarnpkg.com/@citation-js/plugin-bibtex/-/plugin-bibtex-0.5.0-alpha.5.tgz#20b909b99e8c832b35bc6a72c4b4e317bcb874bb"
  integrity sha512-whickBbWIUrAt8iR9BewjuT2Cxz/YsWEYHhOZohOBrx9b3rn3+hIpfsZZKV60hr03SjBqIlOOhlqqogiQxGWsw==
  dependencies:
    "@citation-js/date" "^0.4.4"
    "@citation-js/name" "^0.4.2"
    moo "^0.5.1"

"@citation-js/plugin-csl@0.5.0-alpha.5", "@citation-js/plugin-csl@^0.5.0-alpha.5":
  version "0.5.0-alpha.5"
  resolved "https://registry.yarnpkg.com/@citation-js/plugin-csl/-/plugin-csl-0.5.0-alpha.5.tgz#d5b25795b1c8162f54b47857e298420b4cca7ea2"
  integrity sha512-7fzeSadwNeVlOGUgmSgKcCpT89NCNgGECqlaT71RIlF1gp3+BFy80g2WrSaw0Ir0HEoZDmL3mvBkx4gF3VsK3Q==
  dependencies:
    citeproc "^2.2.27"

"@citation-js/plugin-doi@0.5.0-alpha.5", "@citation-js/plugin-doi@^0.5.0-alpha.5":
  version "0.5.0-alpha.5"
  resolved "https://registry.yarnpkg.com/@citation-js/plugin-doi/-/plugin-doi-0.5.0-alpha.5.tgz#b7febc3570ce479ee9a17134c61da1a132ba1933"
  integrity sha512-h5OIGCr7RBC6HaIbmyOhfbFQp145qNtfZZhMarI7yw1nY86KcsAJc9F6LOnuflMntnvlD7vK5umHuBCfFYP5lg==

"@citation-js/plugin-ris@0.5.0-alpha.5", "@citation-js/plugin-ris@^0.5.0-alpha.5":
  version "0.5.0-alpha.5"
  resolved "https://registry.yarnpkg.com/@citation-js/plugin-ris/-/plugin-ris-0.5.0-alpha.5.tgz#1934ff02b24e3856e8ac40ec1e5a45508844aff3"
  integrity sha512-dF6bzOk8QJjsv/ce65zYjVAPZb6BYTF6x6IsO2ixf0H2nWQ6sOaWiBOtHSO45EWNyHlq7drrl6BL8IdI2YvY6w==
  dependencies:
    "@citation-js/date" "^0.4.4"
    "@citation-js/name" "^0.4.2"

"@citation-js/plugin-wikidata@0.5.0-alpha.5", "@citation-js/plugin-wikidata@^0.5.0-alpha.5":
  version "0.5.0-alpha.5"
  resolved "https://registry.yarnpkg.com/@citation-js/plugin-wikidata/-/plugin-wikidata-0.5.0-alpha.5.tgz#1ef967f800ba1a525347f18be587f9638607303d"
  integrity sha512-vS/JLD+OVEh9cG1cJpIy10z7x6ZskId+k4KTeB5dhxWk7gjWHsubSoVi7uZ29zdTIDRDsTfTzymC2lngOLRC5g==
  dependencies:
    "@citation-js/date" "^0.4.4"
    "@citation-js/name" "^0.4.2"
    wikidata-sdk "7"

"@wry/equality@^0.1.2":
  version "0.1.9"
  resolved "https://registry.yarnpkg.com/@wry/equality/-/equality-0.1.9.tgz#b13e18b7a8053c6858aa6c85b54911fb31e3a909"
  integrity sha512-mB6ceGjpMGz1ZTza8HYnrPGos2mC6So4NhS1PtZ8s4Qt0K7fBiIGhpSxUbQmhwcSWE3no+bYxmI2OL6KuXYmoQ==
  dependencies:
    tslib "^1.9.3"

apollo-link-context@^1.0.19:
  version "1.0.19"
  resolved "https://registry.yarnpkg.com/apollo-link-context/-/apollo-link-context-1.0.19.tgz#3c9ba5bf75ed5428567ce057b8837ef874a58987"
  integrity sha512-TUi5TyufU84hEiGkpt+5gdH5HkB3Gx46npNfoxR4of3DKBCMuItGERt36RCaryGcU/C3u2zsICU3tJ+Z9LjFoQ==
  dependencies:
    apollo-link "^1.2.13"
    tslib "^1.9.3"

apollo-link@^1.2.13:
  version "1.2.13"
  resolved "https://registry.yarnpkg.com/apollo-link/-/apollo-link-1.2.13.tgz#dff00fbf19dfcd90fddbc14b6a3f9a771acac6c4"
  integrity sha512-+iBMcYeevMm1JpYgwDEIDt/y0BB7VWyvlm/7x+TIPNLHCTCMgcEgDuW5kH86iQZWo0I7mNwQiTOz+/3ShPFmBw==
  dependencies:
    apollo-utilities "^1.3.0"
    ts-invariant "^0.4.0"
    tslib "^1.9.3"
    zen-observable-ts "^0.8.20"

apollo-utilities@^1.3.0:
  version "1.3.3"
  resolved "https://registry.yarnpkg.com/apollo-utilities/-/apollo-utilities-1.3.3.tgz#f1854715a7be80cd810bc3ac95df085815c0787c"
  integrity sha512-F14aX2R/fKNYMvhuP2t9GD9fggID7zp5I96MF5QeKYWDWTrkRdHRp4+SVfXUVN+cXOaB/IebfvRtzPf25CM0zw==
  dependencies:
    "@wry/equality" "^0.1.2"
    fast-json-stable-stringify "^2.0.0"
    ts-invariant "^0.4.0"
    tslib "^1.10.0"

base64-js@^1.0.2:
  version "1.3.1"
  resolved "https://registry.yarnpkg.com/base64-js/-/base64-js-1.3.1.tgz#58ece8cb75dd07e71ed08c736abc5fac4dbf8df1"
  integrity sha512-mLQ4i2QO1ytvGWFWmcngKO//JXAQueZvwEKtjgQFM4jIK0kU+ytMfplL8j+n5mspOfjHwoAg+9yhb7BwAHm36g==

buffer@^5.4.2:
  version "5.5.0"
  resolved "https://registry.yarnpkg.com/buffer/-/buffer-5.5.0.tgz#9c3caa3d623c33dd1c7ef584b89b88bf9c9bc1ce"
  integrity sha512-9FTEDjLjwoAkEwyMGDjYJQN2gfRgOKBKRfiglhvibGbpeeU/pQn1bJxQqm32OD/AIeEuHxU9roxXxg34Byp/Ww==
  dependencies:
    base64-js "^1.0.2"
    ieee754 "^1.1.4"

citation-js@^0.5.0-alpha.5:
  version "0.5.0-alpha.5"
  resolved "https://registry.yarnpkg.com/citation-js/-/citation-js-0.5.0-alpha.5.tgz#49e1d19260b98b05a3ca186066597cf9378d0596"
  integrity sha512-JjJQSnwvtupaR9FLU7ANAfihycMwtzvDGIbJxHEmV8RRIfy/Swq+UAZY0gMNit885zuu6HEqZZuILOS9y0vKsQ==
  dependencies:
    "@citation-js/cli" "0.5.0-alpha.5"
    "@citation-js/core" "0.5.0-alpha.5"
    "@citation-js/date" "0.4.4"
    "@citation-js/name" "0.4.2"
    "@citation-js/plugin-bibjson" "0.5.0-alpha.5"
    "@citation-js/plugin-bibtex" "0.5.0-alpha.5"
    "@citation-js/plugin-csl" "0.5.0-alpha.5"
    "@citation-js/plugin-doi" "0.5.0-alpha.5"
    "@citation-js/plugin-ris" "0.5.0-alpha.5"
    "@citation-js/plugin-wikidata" "0.5.0-alpha.5"
    citeproc "^2.2.27"

citeproc@^2.2.27:
  version "2.2.33"
  resolved "https://registry.yarnpkg.com/citeproc/-/citeproc-2.2.33.tgz#4c638994777aaf8b0f1aca8d62f7c171526f008d"
  integrity sha512-xaAL3g25gXszCIKWqFjeWL02gTbJS27mpo2s69ta3QZxyc99M8d3aEr9cJNslAzGfEMzVnxJQIBbtJ6gv1LWcA==

commander@^2.20.0:
  version "2.20.3"
  resolved "https://registry.yarnpkg.com/commander/-/commander-2.20.3.tgz#fd485e84c03eb4881c20722ba48035e8531aeb33"
  integrity sha512-GpVkmM8vF2vQUkj2LvZmD35JxeJOLCwJ9cUkugyk2nuhbv3+mJvpLYYt+0+USMxE+oj+ey/lJEnhZw75x/OMcQ==

encoding@^0.1.11:
  version "0.1.12"
  resolved "https://registry.yarnpkg.com/encoding/-/encoding-0.1.12.tgz#538b66f3ee62cd1ab51ec323829d1f9480c74beb"
  integrity sha1-U4tm8+5izRq1HsMjgp0flIDHS+s=
  dependencies:
    iconv-lite "~0.4.13"

fast-json-stable-stringify@^2.0.0:
  version "2.1.0"
  resolved "https://registry.yarnpkg.com/fast-json-stable-stringify/-/fast-json-stable-stringify-2.1.0.tgz#874bf69c6f404c2b5d99c481341399fd55892633"
  integrity sha512-lhd/wF+Lk98HZoTCtlVraHtfh5XYijIjalXck7saUtuanSDyLMxnHhSXEDJqHxD7msR8D0uCmqlkwjCV8xvwHw==

iconv-lite@~0.4.13:
  version "0.4.24"
  resolved "https://registry.yarnpkg.com/iconv-lite/-/iconv-lite-0.4.24.tgz#2022b4b25fbddc21d2f524974a474aafe733908b"
  integrity sha512-v3MXnZAcvnywkTUEZomIActle7RXXeedOR31wwl7VlyoXO4Qi9arvSenNQWne1TcRwhCL1HwLI21bEqdpj8/rA==
  dependencies:
    safer-buffer ">= 2.1.2 < 3"

ieee754@^1.1.4:
  version "1.1.13"
  resolved "https://registry.yarnpkg.com/ieee754/-/ieee754-1.1.13.tgz#ec168558e95aa181fd87d37f55c32bbcb6708b84"
  integrity sha512-4vf7I2LYV/HaWerSo3XmlMkp5eZ83i+/CDluXi/IGTs/O1sejBNhTtnxzmRZfvOUqj7lZjqHkeTvpgSFDlWZTg==

is-stream@^1.0.1:
  version "1.1.0"
  resolved "https://registry.yarnpkg.com/is-stream/-/is-stream-1.1.0.tgz#12d4a3dd4e68e0b79ceb8dbc84173ae80d91ca44"
  integrity sha1-EtSj3U5o4Lec6428hBc66A2RykQ=

isomorphic-fetch@^2.2.1:
  version "2.2.1"
  resolved "https://registry.yarnpkg.com/isomorphic-fetch/-/isomorphic-fetch-2.2.1.tgz#611ae1acf14f5e81f729507472819fe9733558a9"
  integrity sha1-YRrhrPFPXoH3KVB0coGf6XM1WKk=
  dependencies:
    node-fetch "^1.0.1"
    whatwg-fetch ">=0.10.0"

lodash@^4.17.15:
  version "4.17.15"
  resolved "https://registry.yarnpkg.com/lodash/-/lodash-4.17.15.tgz#b447f6670a0455bbfeedd11392eff330ea097548"
  integrity sha512-8xOcRHvCjnocdS5cpwXQXVzmmh5e5+saE2QGoeQmbKmRS6J3VQppPOIt0MnmE+4xlZoumy0GPG0D0MVIQbNA1A==

moment@^2.24.0:
  version "2.24.0"
  resolved "https://registry.yarnpkg.com/moment/-/moment-2.24.0.tgz#0d055d53f5052aa653c9f6eb68bb5d12bf5c2b5b"
  integrity sha512-bV7f+6l2QigeBBZSM/6yTNq4P2fNpSWj/0e7jQcy87A8e7o2nAfP/34/2ky5Vw4B9S446EtIhodAzkFCcR4dQg==

moo@^0.5.1:
  version "0.5.1"
  resolved "https://registry.yarnpkg.com/moo/-/moo-0.5.1.tgz#7aae7f384b9b09f620b6abf6f74ebbcd1b65dbc4"
  integrity sha512-I1mnb5xn4fO80BH9BLcF0yLypy2UKl+Cb01Fu0hJRkJjlCRtxZMWkTdAtDd5ZqCOxtCkhmRwyI57vWT+1iZ67w==

node-fetch@^1.0.1:
  version "1.7.3"
  resolved "https://registry.yarnpkg.com/node-fetch/-/node-fetch-1.7.3.tgz#980f6f72d85211a5347c6b2bc18c5b84c3eb47ef"
  integrity sha512-NhZ4CsKx7cYm2vSrBAr2PvFOe6sWDf0UYLRqA6svUYg7+/TSfVAu49jYC4BvQ4Sms9SZgdqGBgroqfDhJdTyKQ==
  dependencies:
    encoding "^0.1.11"
    is-stream "^1.0.1"

node-fetch@^2.6.0:
  version "2.6.0"
  resolved "https://registry.yarnpkg.com/node-fetch/-/node-fetch-2.6.0.tgz#e633456386d4aa55863f676a7ab0daa8fdecb0fd"
  integrity sha512-8dG4H5ujfvFiqDmVu9fQ5bOHUC15JMjMY/Zumv26oOvvVJjM67KF8koCWIabKQ1GJIa9r2mMZscBq/TbdOcmNA==

"safer-buffer@>= 2.1.2 < 3":
  version "2.1.2"
  resolved "https://registry.yarnpkg.com/safer-buffer/-/safer-buffer-2.1.2.tgz#44fa161b0187b9549dd84bb91802f9bd8385cd6a"
  integrity sha512-YZo3K82SD7Riyi0E1EQPojLz7kpepnSQI9IyPbHHg1XXXevb5dJI7tpyN2ADxGcQbHG7vcyRHk0cbwqcQriUtg==

sync-fetch@^0.1.0:
  version "0.1.1"
  resolved "https://registry.yarnpkg.com/sync-fetch/-/sync-fetch-0.1.1.tgz#7fb85ac91eed81f3a164f8088d6dd146aa466071"
  integrity sha512-8AkbqoxM0d/b8NKm5HuIJiFas/BkDTvKGDXIvZ8phT+gdyaVxKbzfae4bvgKUXwOvYWGdWjMQxJFkJxC+9Ee9A==
  dependencies:
    buffer "^5.4.2"
    node-fetch "^2.6.0"

ts-invariant@^0.4.0:
  version "0.4.4"
  resolved "https://registry.yarnpkg.com/ts-invariant/-/ts-invariant-0.4.4.tgz#97a523518688f93aafad01b0e80eb803eb2abd86"
  integrity sha512-uEtWkFM/sdZvRNNDL3Ehu4WVpwaulhwQszV8mrtcdeE8nN00BV9mAmQ88RkrBhFgl9gMgvjJLAQcZbnPXI9mlA==
  dependencies:
    tslib "^1.9.3"

tslib@^1.10.0, tslib@^1.9.3:
  version "1.11.1"
  resolved "https://registry.yarnpkg.com/tslib/-/tslib-1.11.1.tgz#eb15d128827fbee2841549e171f45ed338ac7e35"
  integrity sha512-aZW88SY8kQbU7gpV19lN24LtXh/yD4ZZg6qieAJDDg+YBsJcSmLGK9QpnUjAKVG/xefmvJGd1WUmfpT/g6AJGA==

vue-class-component@^7.1.0:
  version "7.2.3"
  resolved "https://registry.yarnpkg.com/vue-class-component/-/vue-class-component-7.2.3.tgz#a5b1abd53513a72ad51098752e2dedd499807cca"
  integrity sha512-oEqYpXKaFN+TaXU+mRLEx8dX0ah85aAJEe61mpdoUrq0Bhe/6sWhyZX1JjMQLhVsHAkncyhedhmCdDVSasUtDw==

vuex-pathify@^1.4.1:
  version "1.4.1"
  resolved "https://registry.yarnpkg.com/vuex-pathify/-/vuex-pathify-1.4.1.tgz#ae0bbe2eac548f5027f67494f73e273b061085b1"
  integrity sha512-i4CsRrOW9r67su8YiVrthTvNfjACUMTjVne6Gxsa+tAxyNhGdKLOXhlDyi3e536gDrgHFU7Uon1TfaKoErfAuA==
  dependencies:
    vue-class-component "^7.1.0"

whatwg-fetch@>=0.10.0:
  version "3.0.0"
  resolved "https://registry.yarnpkg.com/whatwg-fetch/-/whatwg-fetch-3.0.0.tgz#fc804e458cc460009b1a2b966bc8817d2578aefb"
  integrity sha512-9GSJUgz1D4MfyKU7KRqwOjXCXTqWdFNvEr7eUBYchQiVc744mqK/MzXPNR2WsPkmkOa4ywfg8C2n8h+13Bey1Q==

wikibase-sdk@^7.2.0:
  version "7.2.1"
  resolved "https://registry.yarnpkg.com/wikibase-sdk/-/wikibase-sdk-7.2.1.tgz#fd60e1384c8bf04fb31a0be6b36bd3ef48d2df03"
  integrity sha512-aK9NWsekwoNk7wJn5lAK8dDzDkZcUMCM6Bmtc+r/sNhaOFBLT43GJEgHKW0mvko/3uKfDtkHkDtrq9pa9/egrw==

wikidata-sdk@7:
  version "7.2.0"
  resolved "https://registry.yarnpkg.com/wikidata-sdk/-/wikidata-sdk-7.2.0.tgz#fcfddee1459468f46788d9356033a853b361bd9e"
  integrity sha512-BBLGla+3p7U4aGOPjKkurDEPkNPHQM8JsaNMIu+ERGcKFSxmVyUy6UKSpkNWHzU3+no1elXStZkx57o/Sq7u3A==
  dependencies:
    wikibase-sdk "^7.2.0"

zen-observable-ts@^0.8.20:
  version "0.8.20"
  resolved "https://registry.yarnpkg.com/zen-observable-ts/-/zen-observable-ts-0.8.20.tgz#44091e335d3fcbc97f6497e63e7f57d5b516b163"
  integrity sha512-2rkjiPALhOtRaDX6pWyNqK1fnP5KkJJybYebopNSn6wDG1lxBoFs2+nwwXKoA6glHIrtwrfBBy6da0stkKtTAA==
  dependencies:
    tslib "^1.9.3"
    zen-observable "^0.8.0"

zen-observable@^0.8.0:
  version "0.8.15"
  resolved "https://registry.yarnpkg.com/zen-observable/-/zen-observable-0.8.15.tgz#96415c512d8e3ffd920afd3889604e30b9eaac15"
  integrity sha512-PQ2PC7R9rslx84ndNBZB/Dkv8V8fZEpk83RLgXtYd0fwUgEjseMn1Dgajh2x6S8QbZAFa9p2qVCEuYZNgve0dQ==
